<Solution>
  <Folder Name="/Infrastructure/">
    <Project Path="LondonFhirService.Providers.FHIR.R4.TestDataService.Infrastructure/LondonFhirService.Providers.FHIR.R4.TestDataService.Infrastructure.csproj" />
  </Folder>
  <Project Path="LondonFhirService.Providers.FHIR.R4.TestDataService.Tests.Acceptance/LondonFhirService.Providers.FHIR.R4.TestDataService.Tests.Acceptance.csproj" />
  <Project Path="LondonFhirService.Providers.FHIR.R4.TestDataService.Tests.Unit/LondonFhirService.Providers.FHIR.R4.TestDataService.Tests.Unit.csproj" />
  <Project Path="LondonFhirService.Providers.FHIR.R4.TestDataService/LondonFhirService.Providers.FHIR.R4.TestDataService.csproj" />
</Solution>
